
Microsoft Visual Studio Solution File, Format Version 12.00
# Visual Studio Version 16
VisualStudioVersion = 16.0.29613.14
MinimumVisualStudioVersion = 10.0.40219.1
Project("{2150E333-8FDC-42A3-9474-1A3956D46DE8}") = "src", "src", "{A8258765-6277-48B3-8424-3C4B5D162767}"
EndProject
Project("{9A19103F-16F7-4668-BE54-9A1E7A4F7556}") = "System.Linq.ElasticSearch", "src\System.Linq.ElasticSearch\System.Linq.ElasticSearch.csproj", "{94F8A3D8-BFDD-480F-AF69-8549497F5F18}"
EndProject
Global
	GlobalSection(SolutionConfigurationPlatforms) = preSolution
		Debug|Any CPU = Debug|Any CPU
		Release|Any CPU = Release|Any CPU
	EndGlobalSection
	GlobalSection(ProjectConfigurationPlatforms) = postSolution
		{94F8A3D8-BFDD-480F-AF69-8549497F5F18}.Debug|Any CPU.ActiveCfg = Debug|Any CPU
		{94F8A3D8-BFDD-480F-AF69-8549497F5F18}.Debug|Any CPU.Build.0 = Debug|Any CPU
		{94F8A3D8-BFDD-480F-AF69-8549497F5F18}.Release|Any CPU.ActiveCfg = Release|Any CPU
		{94F8A3D8-BFDD-480F-AF69-8549497F5F18}.Release|Any CPU.Build.0 = Release|Any CPU
	EndGlobalSection
	GlobalSection(SolutionProperties) = preSolution
		HideSolutionNode = FALSE
	EndGlobalSection
	GlobalSection(NestedProjects) = preSolution
		{94F8A3D8-BFDD-480F-AF69-8549497F5F18} = {A8258765-6277-48B3-8424-3C4B5D162767}
	EndGlobalSection
	GlobalSection(ExtensibilityGlobals) = postSolution
		SolutionGuid = {3092D53F-9CFE-41C4-B23D-283B4E03791A}
	EndGlobalSection
EndGlobal
